# This file is generated by running "yarn install" inside your project.
# Manual changes might be lost - proceed with caution!

__metadata:
  version: 4

"array-union@npm:^1.0.1":
  version: 1.0.2
  resolution: "array-union@npm:1.0.2"
  dependencies:
    array-uniq: ^1.0.1
  checksum: 2/5be2568acc80d284519ff2bed8385daa37074dccbf440d5a9ce911bcb9cf51486dd677d3f61903ba113196333d033b261c8eb901a491e15bb4e437e5c68f92c7
  languageName: node
  linkType: hard

"array-uniq@npm:^1.0.1":
  version: 1.0.3
  resolution: "array-uniq@npm:1.0.3"
  checksum: 2/ae11b7fc1e624f7ed45f7a269b521f3f9f73dbff277be9c61fe0240c497bd3fba86367753e0ebdf49bcfd3fee14f4ebab80f573545878525eb48429514a02124
  languageName: node
  linkType: hard

"balanced-match@npm:^1.0.0":
  version: 1.0.0
  resolution: "balanced-match@npm:1.0.0"
  checksum: 2/f515a605fe1b59f476f7477c5e1d53ad55b4f42982fca1d57b6701906f4ad1f1ac90fd6587d92cc1af2edb43eecf979214dd847ee410a6de9db4ebf0dd128d62
  languageName: node
  linkType: hard

"brace-expansion@npm:^1.1.7":
  version: 1.1.11
  resolution: "brace-expansion@npm:1.1.11"
  dependencies:
    balanced-match: ^1.0.0
    concat-map: 0.0.1
  checksum: 2/4c878e25e4858baf801945dfd63eb68feab2e502cf1122f25f3915c0e3bf397af3a93ff6bef0798db41c0d81ef28c08e55daac38058710f749a3b96eee6b8f40
  languageName: node
  linkType: hard

"concat-map@npm:0.0.1":
  version: 0.0.1
  resolution: "concat-map@npm:0.0.1"
  checksum: 2/554e28d9ee5aa6e061795473ee092cb3d3a2cbdb76c35416e0bb6e03f136d7d07676da387b2ed0ec4106cedbb6534080d9abc48ecc4a92b76406cf2d0c3c0c4b
  languageName: node
  linkType: hard

"del@npm:^3.0.0":
  version: 3.0.0
  resolution: "del@npm:3.0.0"
  dependencies:
    globby: ^6.1.0
    is-path-cwd: ^1.0.0
    is-path-in-cwd: ^1.0.0
    p-map: ^1.1.1
    pify: ^3.0.0
    rimraf: ^2.2.8
  checksum: 2/88112a09f91b3e44d0f830ab603c1a91e30c00ddd1e910beb40c8ff73e81605b3f0f745ecdd1e8d73aff733567736e56e742ef6a4401a0134461fb3ef2e8bb10
  languageName: node
  linkType: hard

"fs.realpath@npm:^1.0.0":
  version: 1.0.0
  resolution: "fs.realpath@npm:1.0.0"
  checksum: 2/698a91b1695e3926185c9e5b0dd57cf687dceb4eb73799af91e6b2ab741735e2962c366c5af6403ffddae2619914193bd339efa706fdc984d0ffc74b7a3603f4
  languageName: node
  linkType: hard

"glob@npm:^7.0.3, glob@npm:^7.1.3":
  version: 7.1.6
  resolution: "glob@npm:7.1.6"
  dependencies:
    fs.realpath: ^1.0.0
    inflight: ^1.0.4
    inherits: 2
    minimatch: ^3.0.4
    once: ^1.3.0
    path-is-absolute: ^1.0.0
  checksum: 2/789977b52432865bd63846da5c75a6efc2c56abdc0cb5ffcdb8e91eeb67a58fa5594c1195d18b2b4aff99675b0739ed6bd61024b26562e0cca18c8f993efdc82
  languageName: node
  linkType: hard

"globby@npm:^6.1.0":
  version: 6.1.0
  resolution: "globby@npm:6.1.0"
  dependencies:
    array-union: ^1.0.1
    glob: ^7.0.3
    object-assign: ^4.0.1
    pify: ^2.0.0
    pinkie-promise: ^2.0.0
  checksum: 2/7acac933247f203624c502e6db54995d355ae2ce618be40a6a125c73bac9fa1bb775cf2b0959d92807605534f7b29cf711bc354febb8a6dc2ecbaa1cbf59efa5
  languageName: node
  linkType: hard

"inflight@npm:^1.0.4":
  version: 1.0.6
  resolution: "inflight@npm:1.0.6"
  dependencies:
    once: ^1.3.0
    wrappy: 1
  checksum: 2/17c53fc42cbe7f7f471d2bc41b97a0cde4b79a74d5ff59997d3f75210566fa278e17596da526d43de2bd07e222706240ce50e60097e54f2cde2e64cbbb372638
  languageName: node
  linkType: hard

"inherits@npm:2":
  version: 2.0.4
  resolution: "inherits@npm:2.0.4"
  checksum: 2/98426da247ddfc3dcd7d7daedd90c3ca32d5b08deca08949726f12d49232aef94772a07b36cf4ff833e105ae2ef931777f6de4a6dd8245a216b9299ad4a50bea
  languageName: node
  linkType: hard

"is-path-cwd@npm:^1.0.0":
  version: 1.0.0
  resolution: "is-path-cwd@npm:1.0.0"
  checksum: 2/87c9ebabcf69a8f8f1233e3bbf9471444acea7ee5edfe504efe5d0836c9ccb22a19054719cb20a8b12d7e48983a35c92dc118a5b5bb1254e381f961450a472ef
  languageName: node
  linkType: hard

"is-path-in-cwd@npm:^1.0.0":
  version: 1.0.1
  resolution: "is-path-in-cwd@npm:1.0.1"
  dependencies:
    is-path-inside: ^1.0.0
  checksum: 2/71109b1f36a90fe87d31b235ba1295b29ea5ca9478362630a3c6bfddf4a90373bedf92bb712138a44122b56cb25031374995eb9ade0fdbdb16207062b8413a4c
  languageName: node
  linkType: hard

"is-path-inside@npm:^1.0.0":
  version: 1.0.1
  resolution: "is-path-inside@npm:1.0.1"
  dependencies:
    path-is-inside: ^1.0.1
  checksum: 2/7ccbc0bedfb98d07191f9a6c839f78ffb102c24fb77f58ecca52fec13d618d15b7bd52d6335637a80c8830bc4864849adda8fd4107755a96747d690336190beb
  languageName: node
  linkType: hard

"minimatch@npm:^3.0.4":
  version: 3.0.4
  resolution: "minimatch@npm:3.0.4"
  dependencies:
    brace-expansion: ^1.1.7
  checksum: 2/47eab9263962cacd5733e274ecad2d8e54b0f8e124ba35ae69189e296058f634a4967b87a98954f86fa5c830ff177caf827ce0136d28717ed3232951fb4fae62
  languageName: node
  linkType: hard

"object-assign@npm:^4.0.1":
  version: 4.1.1
  resolution: "object-assign@npm:4.1.1"
  checksum: 2/66cf021898fc1b13ea573ea8635fbd5a76533f50cecbc2fcd5eee1e8029af41bcebe7023788b6d0e06cbe4401ecea075d972f78ec74467cdc571a0f1a4d1a081
  languageName: node
  linkType: hard

"once@npm:^1.3.0":
  version: 1.4.0
  resolution: "once@npm:1.4.0"
  dependencies:
    wrappy: 1
  checksum: 2/57afc246536cf6494437f982b26475f22bee860f8b77ce8eb1543f42a8bffe04b2c66ddfea9a16cb25ccb80943f8ee4fc639367ef97b7a6a4f2672eb573963f5
  languageName: node
  linkType: hard

"p-map@npm:^1.1.1":
  version: 1.2.0
  resolution: "p-map@npm:1.2.0"
  checksum: 2/cffb7e4e5dfe0a3ffa05c10513d1c973a620deb46e3b8ecfc7d9fdbad0f97adfe51c99b3d8b1596387fedaed9c6170a17f5142ffb408fd19abfb085f7bf9630c
  languageName: node
  linkType: hard

"path-is-absolute@npm:^1.0.0":
  version: 1.0.1
  resolution: "path-is-absolute@npm:1.0.1"
  checksum: 2/907e1e3e6ac0aef6e65adffd75b3892191d76a5b94c5cf26b43667c4240531d11872ca6979c209b2e5e1609f7f579d02f64ba9936b48bb59d36cc529f0d965ed
  languageName: node
  linkType: hard

"path-is-inside@npm:^1.0.1":
  version: 1.0.2
  resolution: "path-is-inside@npm:1.0.2"
  checksum: 2/9c1841199d18398ee5f6d79f57eaa57f8eb85743353ea97c6d933423f246f044575a10c1847c638c36440b050aef82665b9cb4fc60950866cd239f3d51835ef4
  languageName: node
  linkType: hard

"pify@npm:^2.0.0":
  version: 2.3.0
  resolution: "pify@npm:2.3.0"
  checksum: 2/d5758aa570bbd5969c62b5f745065006827ef4859b32af302e3df2bb5978e6c1e50c2360d7ffefa102e451084f4530115c84570c185ba5153ee9871c977fe278
  languageName: node
  linkType: hard

"pify@npm:^3.0.0":
  version: 3.0.0
  resolution: "pify@npm:3.0.0"
  checksum: 2/18af2b29148c4d6fd4c7741dbd953ff76beea17d1b4a6d5792d7ff1d7202f43671c3f29313aa5ec01a66d050dbdbb0cf23f17de69531da8dc8bda42d327cf960
  languageName: node
  linkType: hard

"pinkie-promise@npm:^2.0.0":
  version: 2.0.1
  resolution: "pinkie-promise@npm:2.0.1"
  dependencies:
    pinkie: ^2.0.0
  checksum: 2/1e32e05ffdfb691b04a42d05d5452698853099efe1bab70bfa538e9a793e609b66cc59180cc5fc2158062a2fc5991c9c268a82b2b655247aa005020167e31d75
  languageName: node
  linkType: hard

"pinkie@npm:^2.0.0":
  version: 2.0.4
  resolution: "pinkie@npm:2.0.4"
  checksum: 2/2cb484c9da47b2f420fddffe7cbfeac950106a848343d147c2b2668d12b71aa3d09297bfe37ec32539a27c6dc7db414414f5ee166d6b2ca0d95f6dfe9dde60d7
  languageName: node
  linkType: hard

"rimraf@npm:^2.2.8":
  version: 2.7.1
  resolution: "rimraf@npm:2.7.1"
  dependencies:
    glob: ^7.1.3
  bin:
    rimraf: ./bin.js
  checksum: 2/059efac2838ef917d4d1da1d80e724ad28c120cdf14ca6ed27ca72db2dc70be3e25421cba5947c6ec3d804c1d2bb9a247254653816ee0722bf943ffdd1ae19ef
  languageName: node
  linkType: hard

"wrappy@npm:1":
  version: 1.0.2
  resolution: "wrappy@npm:1.0.2"
  checksum: 2/519fcda0fcdf0c16327be2de9d98646742307bc830277e8868529fcf7566f2b330a6453c233e0cdcb767d5838dd61a90984a02ecc983bcddebea5ad0833bbf98
  languageName: node
  linkType: hard

"yarn2test@workspace:.":
  version: 0.0.0-use.local
  resolution: "yarn2test@workspace:."
  dependencies:
    del: ^3.0.0
  languageName: unknown
  linkType: soft
